{
  "originHash" : "41ed1e099983649cb3da210996f2692fa87b60a09a4df40262aa24f8e4eafe70",
  "pins" : [
    {
      "identity" : "emojipalette",
      "kind" : "remoteSourceControl",
      "location" : "https://github.com/Kyome22/EmojiPalette.git",
      "state" : {
        "revision" : "4fb34a42f903478e59e137d0189eb31ae633d4d1",
        "version" : "0.4.2"
      }
    },
    {
      "identity" : "flexiblestack",
      "kind" : "remoteSourceControl",
      "location" : "https://github.com/Kyome22/FlexibleStack.git",
      "state" : {
        "revision" : "7b89c18fe88ef6522232144c332bd6c7366e2b76",
        "version" : "0.4.0"
      }
    },
    {
      "identity" : "infinitepaging",
      "kind" : "remoteSourceControl",
      "location" : "https://github.com/Kyome22/InfinitePaging.git",
      "state" : {
        "revision" : "b61b2332547782176f0ee27cbdd2d388d7f3d429",
        "version" : "0.5.0"
      }
    }
  ],
  "version" : 3
}
